
Microsoft Visual Studio Solution File, Format Version 12.00
# Visual Studio Express 2012 for Web
Project("{FAE04EC0-301F-11D3-BF4B-00C04F79EFBC}") = "MoviesAspMvc4", "MoviesAspMvc4\MoviesAspMvc4.csproj", "{8963536E-78B5-4769-9374-346063AF196F}"
EndProject
Global
	GlobalSection(SolutionConfigurationPlatforms) = preSolution
		Debug|Any CPU = Debug|Any CPU
		Release|Any CPU = Release|Any CPU
	EndGlobalSection
	GlobalSection(ProjectConfigurationPlatforms) = postSolution
		{8963536E-78B5-4769-9374-346063AF196F}.Debug|Any CPU.ActiveCfg = Debug|Any CPU
		{8963536E-78B5-4769-9374-346063AF196F}.Debug|Any CPU.Build.0 = Debug|Any CPU
		{8963536E-78B5-4769-9374-346063AF196F}.Release|Any CPU.ActiveCfg = Release|Any CPU
		{8963536E-78B5-4769-9374-346063AF196F}.Release|Any CPU.Build.0 = Release|Any CPU
	EndGlobalSection
	GlobalSection(SolutionProperties) = preSolution
		HideSolutionNode = FALSE
	EndGlobalSection
EndGlobal
